
Microsoft Visual Studio Solution File, Format Version 12.00
# Visual Studio Version 17
VisualStudioVersion = 17.4.33213.308
MinimumVisualStudioVersion = 10.0.40219.1
Project("{FAE04EC0-301F-11D3-BF4B-00C04F79EFBC}") = "MovieList", "MovieList\MovieList.csproj", "{9A74DF63-1A7F-4272-9AF7-3AD8DD456FA6}"
EndProject
Global
	GlobalSection(SolutionConfigurationPlatforms) = preSolution
		Debug|Any CPU = Debug|Any CPU
		Release|Any CPU = Release|Any CPU
	EndGlobalSection
	GlobalSection(ProjectConfigurationPlatforms) = postSolution
		{9A74DF63-1A7F-4272-9AF7-3AD8DD456FA6}.Debug|Any CPU.ActiveCfg = Debug|Any CPU
		{9A74DF63-1A7F-4272-9AF7-3AD8DD456FA6}.Debug|Any CPU.Build.0 = Debug|Any CPU
		{9A74DF63-1A7F-4272-9AF7-3AD8DD456FA6}.Release|Any CPU.ActiveCfg = Release|Any CPU
		{9A74DF63-1A7F-4272-9AF7-3AD8DD456FA6}.Release|Any CPU.Build.0 = Release|Any CPU
	EndGlobalSection
	GlobalSection(SolutionProperties) = preSolution
		HideSolutionNode = FALSE
	EndGlobalSection
	GlobalSection(ExtensibilityGlobals) = postSolution
		SolutionGuid = {C048A90B-E8E2-4894-AD25-F99EB2F86DAC}
	EndGlobalSection
EndGlobal
