
Microsoft Visual Studio Solution File, Format Version 12.00
# Visual Studio Version 17
VisualStudioVersion = 17.4.33213.308
MinimumVisualStudioVersion = 10.0.40219.1
Project("{FAE04EC0-301F-11D3-BF4B-00C04F79EFBC}") = "CIS174_TestCoreApp", "CIS174_TestCoreApp\CIS174_TestCoreApp.csproj", "{859990EF-F72C-4912-BA34-A73DD32B408C}"
EndProject
Global
	GlobalSection(SolutionConfigurationPlatforms) = preSolution
		Debug|Any CPU = Debug|Any CPU
		Release|Any CPU = Release|Any CPU
	EndGlobalSection
	GlobalSection(ProjectConfigurationPlatforms) = postSolution
		{859990EF-F72C-4912-BA34-A73DD32B408C}.Debug|Any CPU.ActiveCfg = Debug|Any CPU
		{859990EF-F72C-4912-BA34-A73DD32B408C}.Debug|Any CPU.Build.0 = Debug|Any CPU
		{859990EF-F72C-4912-BA34-A73DD32B408C}.Release|Any CPU.ActiveCfg = Release|Any CPU
		{859990EF-F72C-4912-BA34-A73DD32B408C}.Release|Any CPU.Build.0 = Release|Any CPU
	EndGlobalSection
	GlobalSection(SolutionProperties) = preSolution
		HideSolutionNode = FALSE
	EndGlobalSection
	GlobalSection(ExtensibilityGlobals) = postSolution
		SolutionGuid = {B0FB4169-06AE-4120-8B4E-C1B557BB654C}
	EndGlobalSection
EndGlobal
