
Microsoft Visual Studio Solution File, Format Version 12.00
# Visual Studio Version 17
VisualStudioVersion = 17.4.33213.308
MinimumVisualStudioVersion = 10.0.40219.1
Project("{9A19103F-16F7-4668-BE54-9A1E7A4F7556}") = "TicketsList", "Tickets\TicketsList.csproj", "{35E56C6B-5129-4D5B-B560-9F219AD1558C}"
EndProject
Project("{FAE04EC0-301F-11D3-BF4B-00C04F79EFBC}") = "TicketListTest", "TicketListTest\TicketListTest.csproj", "{80BDFF27-21C7-44ED-974F-720F33E2F02E}"
EndProject
Global
	GlobalSection(SolutionConfigurationPlatforms) = preSolution
		Debug|Any CPU = Debug|Any CPU
		Release|Any CPU = Release|Any CPU
	EndGlobalSection
	GlobalSection(ProjectConfigurationPlatforms) = postSolution
		{35E56C6B-5129-4D5B-B560-9F219AD1558C}.Debug|Any CPU.ActiveCfg = Debug|Any CPU
		{35E56C6B-5129-4D5B-B560-9F219AD1558C}.Debug|Any CPU.Build.0 = Debug|Any CPU
		{35E56C6B-5129-4D5B-B560-9F219AD1558C}.Release|Any CPU.ActiveCfg = Release|Any CPU
		{35E56C6B-5129-4D5B-B560-9F219AD1558C}.Release|Any CPU.Build.0 = Release|Any CPU
		{80BDFF27-21C7-44ED-974F-720F33E2F02E}.Debug|Any CPU.ActiveCfg = Debug|Any CPU
		{80BDFF27-21C7-44ED-974F-720F33E2F02E}.Debug|Any CPU.Build.0 = Debug|Any CPU
		{80BDFF27-21C7-44ED-974F-720F33E2F02E}.Release|Any CPU.ActiveCfg = Release|Any CPU
		{80BDFF27-21C7-44ED-974F-720F33E2F02E}.Release|Any CPU.Build.0 = Release|Any CPU
	EndGlobalSection
	GlobalSection(SolutionProperties) = preSolution
		HideSolutionNode = FALSE
	EndGlobalSection
	GlobalSection(ExtensibilityGlobals) = postSolution
		SolutionGuid = {2EB2C7EC-A7D6-4645-9B99-95CEB415BAF7}
	EndGlobalSection
EndGlobal
